<?xml version="1.0" encoding="utf-8"?>
<Project ToolsVersion="4.0" xmlns="http://schemas.microsoft.com/developer/msbuild/2003">
  <ItemGroup>
    <Filter Include="Header Files">
      <UniqueIdentifier>{21EB8090-0D4E-1035-B6D3-48EBA215DCB7}</UniqueIdentifier>
    </Filter>
    <Filter Include="Header Files\Geist">
      <UniqueIdentifier>{6C716705-5855-285B-C1B5-22AEADB812DD}</UniqueIdentifier>
    </Filter>
    <Filter Include="Source Files">
      <UniqueIdentifier>{E9C7FDCE-D52A-8D73-7EB0-C5296AF258F6}</UniqueIdentifier>
    </Filter>
    <Filter Include="Source Files\Geist">
      <UniqueIdentifier>{34C49860-20A8-59B6-8908-5409750B4438}</UniqueIdentifier>
    </Filter>
  </ItemGroup>
  <ItemGroup>
    <ClInclude Include="src\Geist\BaseUnits.h">
      <Filter>Header Files\Geist</Filter>
    </ClInclude>
    <ClInclude Include="src\Geist\Config.h">
      <Filter>Header Files\Geist</Filter>
    </ClInclude>
    <ClInclude Include="src\Geist\Engine.h">
      <Filter>Header Files\Geist</Filter>
    </ClInclude>
    <ClInclude Include="src\Geist\GUIElements.h">
      <Filter>Header Files\Geist</Filter>
    </ClInclude>
    <ClInclude Include="src\Geist\Globals.h">
      <Filter>Header Files\Geist</Filter>
    </ClInclude>
    <ClInclude Include="src\Geist\Gui.h">
      <Filter>Header Files\Geist</Filter>
    </ClInclude>
    <ClInclude Include="src\Geist\IO.h">
      <Filter>Header Files\Geist</Filter>
    </ClInclude>
    <ClInclude Include="src\Geist\Logging.h">
      <Filter>Header Files\Geist</Filter>
    </ClInclude>
    <ClInclude Include="src\Geist\Object.h">
      <Filter>Header Files\Geist</Filter>
    </ClInclude>
    <ClInclude Include="src\Geist\ParticleSystem.h">
      <Filter>Header Files\Geist</Filter>
    </ClInclude>
    <ClInclude Include="src\Geist\Primitives.h">
      <Filter>Header Files\Geist</Filter>
    </ClInclude>
    <ClInclude Include="src\Geist\RNG.h">
      <Filter>Header Files\Geist</Filter>
    </ClInclude>
    <ClInclude Include="src\Geist\ResourceManager.h">
      <Filter>Header Files\Geist</Filter>
    </ClInclude>
    <ClInclude Include="src\Geist\State.h">
      <Filter>Header Files\Geist</Filter>
    </ClInclude>
    <ClInclude Include="src\Geist\StateMachine.h">
      <Filter>Header Files\Geist</Filter>
    </ClInclude>
    <ClInclude Include="src\Geist\TooltipSystem.h">
      <Filter>Header Files\Geist</Filter>
    </ClInclude>
    <ClInclude Include="src\LoadingState.h">
      <Filter>Header Files</Filter>
    </ClInclude>
    <ClInclude Include="src\MainState.h">
      <Filter>Header Files</Filter>
    </ClInclude>
    <ClInclude Include="src\ObjectEditorState.h">
      <Filter>Header Files</Filter>
    </ClInclude>
    <ClInclude Include="src\OptionsState.h">
      <Filter>Header Files</Filter>
    </ClInclude>
    <ClInclude Include="src\ShapeData.h">
      <Filter>Header Files</Filter>
    </ClInclude>
    <ClInclude Include="src\Terrain.h">
      <Filter>Header Files</Filter>
    </ClInclude>
    <ClInclude Include="src\TitleState.h">
      <Filter>Header Files</Filter>
    </ClInclude>
    <ClInclude Include="src\U7Globals.h">
      <Filter>Header Files</Filter>
    </ClInclude>
    <ClInclude Include="src\U7Object.h">
      <Filter>Header Files</Filter>
    </ClInclude>
    <ClInclude Include="src\WorldEditorState.h">
      <Filter>Header Files</Filter>
    </ClInclude>
  </ItemGroup>
  <ItemGroup>
    <ClCompile Include="src\Geist\BaseUnits.cpp">
      <Filter>Source Files\Geist</Filter>
    </ClCompile>
    <ClCompile Include="src\Geist\Config.cpp">
      <Filter>Source Files\Geist</Filter>
    </ClCompile>
    <ClCompile Include="src\Geist\Engine.cpp">
      <Filter>Source Files\Geist</Filter>
    </ClCompile>
    <ClCompile Include="src\Geist\GUIElements.cpp">
      <Filter>Source Files\Geist</Filter>
    </ClCompile>
    <ClCompile Include="src\Geist\Globals.cpp">
      <Filter>Source Files\Geist</Filter>
    </ClCompile>
    <ClCompile Include="src\Geist\Gui.cpp">
      <Filter>Source Files\Geist</Filter>
    </ClCompile>
    <ClCompile Include="src\Geist\IO.cpp">
      <Filter>Source Files\Geist</Filter>
    </ClCompile>
    <ClCompile Include="src\Geist\Logging.cpp">
      <Filter>Source Files\Geist</Filter>
    </ClCompile>
    <ClCompile Include="src\Geist\ParticleSystem.cpp">
      <Filter>Source Files\Geist</Filter>
    </ClCompile>
    <ClCompile Include="src\Geist\Primitives.cpp">
      <Filter>Source Files\Geist</Filter>
    </ClCompile>
    <ClCompile Include="src\Geist\RNG.cpp">
      <Filter>Source Files\Geist</Filter>
    </ClCompile>
    <ClCompile Include="src\Geist\ResourceManager.cpp">
      <Filter>Source Files\Geist</Filter>
    </ClCompile>
    <ClCompile Include="src\Geist\StateMachine.cpp">
      <Filter>Source Files\Geist</Filter>
    </ClCompile>
    <ClCompile Include="src\Geist\TooltipSystem.cpp">
      <Filter>Source Files\Geist</Filter>
    </ClCompile>
    <ClCompile Include="src\LoadingState.cpp">
      <Filter>Source Files</Filter>
    </ClCompile>
    <ClCompile Include="src\Main.cpp">
      <Filter>Source Files</Filter>
    </ClCompile>
    <ClCompile Include="src\MainState.cpp">
      <Filter>Source Files</Filter>
    </ClCompile>
    <ClCompile Include="src\ObjectEditorState.cpp">
      <Filter>Source Files</Filter>
    </ClCompile>
    <ClCompile Include="src\OptionsState.cpp">
      <Filter>Source Files</Filter>
    </ClCompile>
    <ClCompile Include="src\ShapeData.cpp">
      <Filter>Source Files</Filter>
    </ClCompile>
    <ClCompile Include="src\Terrain.cpp">
      <Filter>Source Files</Filter>
    </ClCompile>
    <ClCompile Include="src\TitleState.cpp">
      <Filter>Source Files</Filter>
    </ClCompile>
    <ClCompile Include="src\U7Globals.cpp">
      <Filter>Source Files</Filter>
    </ClCompile>
    <ClCompile Include="src\U7Object.cpp">
      <Filter>Source Files</Filter>
    </ClCompile>
    <ClCompile Include="src\WorldEditorState.cpp">
      <Filter>Source Files</Filter>
    </ClCompile>
  </ItemGroup>
</Project>