<?xml version="1.0" encoding="utf-8"?>
<Project ToolsVersion="4.0" xmlns="http://schemas.microsoft.com/developer/msbuild/2003">
  <ItemGroup>
    <Filter Include="Header Files">
      <UniqueIdentifier>{21EB8090-0D4E-1035-B6D3-48EBA215DCB7}</UniqueIdentifier>
    </Filter>
    <Filter Include="Source Files">
      <UniqueIdentifier>{E9C7FDCE-D52A-8D73-7EB0-C5296AF258F6}</UniqueIdentifier>
    </Filter>
    <Filter Include="Source Files\Geist">
      <UniqueIdentifier>{3a4a54c5-104c-4d4a-ad91-6b9a8c53e231}</UniqueIdentifier>
    </Filter>
    <Filter Include="Data">
      <UniqueIdentifier>{ec6de39e-44e3-4674-b1f2-ffef3b3ef501}</UniqueIdentifier>
    </Filter>
    <Filter Include="Data\shaders">
      <UniqueIdentifier>{d284a6fa-6f8d-4b48-9a01-c885d8a5fa47}</UniqueIdentifier>
    </Filter>
  </ItemGroup>
  <ItemGroup>
    <ClInclude Include="src\screens.h">
      <Filter>Header Files</Filter>
    </ClInclude>
    <ClInclude Include="src\LoadingState.h">
      <Filter>Source Files</Filter>
    </ClInclude>
    <ClInclude Include="src\MainState.h">
      <Filter>Source Files</Filter>
    </ClInclude>
    <ClInclude Include="src\ObjectEditorState.h">
      <Filter>Source Files</Filter>
    </ClInclude>
    <ClInclude Include="src\OptionsState.h">
      <Filter>Source Files</Filter>
    </ClInclude>
    <ClInclude Include="src\ShapeData.h">
      <Filter>Source Files</Filter>
    </ClInclude>
    <ClInclude Include="src\Terrain.h">
      <Filter>Source Files</Filter>
    </ClInclude>
    <ClInclude Include="src\TitleState.h">
      <Filter>Source Files</Filter>
    </ClInclude>
    <ClInclude Include="src\U7Globals.h">
      <Filter>Source Files</Filter>
    </ClInclude>
    <ClInclude Include="src\U7Object.h">
      <Filter>Source Files</Filter>
    </ClInclude>
    <ClInclude Include="src\WorldEditorState.h">
      <Filter>Source Files</Filter>
    </ClInclude>
    <ClInclude Include="src\Geist\BaseUnits.h">
      <Filter>Source Files\Geist</Filter>
    </ClInclude>
    <ClInclude Include="src\Geist\Config.h">
      <Filter>Source Files\Geist</Filter>
    </ClInclude>
    <ClInclude Include="src\Geist\Engine.h">
      <Filter>Source Files\Geist</Filter>
    </ClInclude>
    <ClInclude Include="src\Geist\Globals.h">
      <Filter>Source Files\Geist</Filter>
    </ClInclude>
    <ClInclude Include="src\Geist\Gui.h">
      <Filter>Source Files\Geist</Filter>
    </ClInclude>
    <ClInclude Include="src\Geist\GUIElements.h">
      <Filter>Source Files\Geist</Filter>
    </ClInclude>
    <ClInclude Include="src\Geist\IO.h">
      <Filter>Source Files\Geist</Filter>
    </ClInclude>
    <ClInclude Include="src\Geist\Logging.h">
      <Filter>Source Files\Geist</Filter>
    </ClInclude>
    <ClInclude Include="src\Geist\Object.h">
      <Filter>Source Files\Geist</Filter>
    </ClInclude>
    <ClInclude Include="src\Geist\ParticleSystem.h">
      <Filter>Source Files\Geist</Filter>
    </ClInclude>
    <ClInclude Include="src\Geist\Primitives.h">
      <Filter>Source Files\Geist</Filter>
    </ClInclude>
    <ClInclude Include="src\Geist\ResourceManager.h">
      <Filter>Source Files\Geist</Filter>
    </ClInclude>
    <ClInclude Include="src\Geist\RNG.h">
      <Filter>Source Files\Geist</Filter>
    </ClInclude>
    <ClInclude Include="src\Geist\State.h">
      <Filter>Source Files\Geist</Filter>
    </ClInclude>
    <ClInclude Include="src\Geist\StateMachine.h">
      <Filter>Source Files\Geist</Filter>
    </ClInclude>
    <ClInclude Include="src\Geist\TooltipSystem.h">
      <Filter>Source Files\Geist</Filter>
    </ClInclude>
    <ClInclude Include="src\ShapeEditorState.h">
      <Filter>Source Files</Filter>
    </ClInclude>
  </ItemGroup>
  <ItemGroup>
    <ClCompile Include="src\LoadingState.cpp">
      <Filter>Source Files</Filter>
    </ClCompile>
    <ClCompile Include="src\Main.cpp">
      <Filter>Source Files</Filter>
    </ClCompile>
    <ClCompile Include="src\MainState.cpp">
      <Filter>Source Files</Filter>
    </ClCompile>
    <ClCompile Include="src\ObjectEditorState.cpp">
      <Filter>Source Files</Filter>
    </ClCompile>
    <ClCompile Include="src\OptionsState.cpp">
      <Filter>Source Files</Filter>
    </ClCompile>
    <ClCompile Include="src\ShapeData.cpp">
      <Filter>Source Files</Filter>
    </ClCompile>
    <ClCompile Include="src\Terrain.cpp">
      <Filter>Source Files</Filter>
    </ClCompile>
    <ClCompile Include="src\TitleState.cpp">
      <Filter>Source Files</Filter>
    </ClCompile>
    <ClCompile Include="src\U7Globals.cpp">
      <Filter>Source Files</Filter>
    </ClCompile>
    <ClCompile Include="src\U7Object.cpp">
      <Filter>Source Files</Filter>
    </ClCompile>
    <ClCompile Include="src\WorldEditorState.cpp">
      <Filter>Source Files</Filter>
    </ClCompile>
    <ClCompile Include="src\Geist\BaseUnits.cpp">
      <Filter>Source Files\Geist</Filter>
    </ClCompile>
    <ClCompile Include="src\Geist\Config.cpp">
      <Filter>Source Files\Geist</Filter>
    </ClCompile>
    <ClCompile Include="src\Geist\Engine.cpp">
      <Filter>Source Files\Geist</Filter>
    </ClCompile>
    <ClCompile Include="src\Geist\Globals.cpp">
      <Filter>Source Files\Geist</Filter>
    </ClCompile>
    <ClCompile Include="src\Geist\Gui.cpp">
      <Filter>Source Files\Geist</Filter>
    </ClCompile>
    <ClCompile Include="src\Geist\GUIElements.cpp">
      <Filter>Source Files\Geist</Filter>
    </ClCompile>
    <ClCompile Include="src\Geist\IO.cpp">
      <Filter>Source Files\Geist</Filter>
    </ClCompile>
    <ClCompile Include="src\Geist\Logging.cpp">
      <Filter>Source Files\Geist</Filter>
    </ClCompile>
    <ClCompile Include="src\Geist\ParticleSystem.cpp">
      <Filter>Source Files\Geist</Filter>
    </ClCompile>
    <ClCompile Include="src\Geist\Primitives.cpp">
      <Filter>Source Files\Geist</Filter>
    </ClCompile>
    <ClCompile Include="src\Geist\ResourceManager.cpp">
      <Filter>Source Files\Geist</Filter>
    </ClCompile>
    <ClCompile Include="src\Geist\RNG.cpp">
      <Filter>Source Files\Geist</Filter>
    </ClCompile>
    <ClCompile Include="src\Geist\StateMachine.cpp">
      <Filter>Source Files\Geist</Filter>
    </ClCompile>
    <ClCompile Include="src\Geist\TooltipSystem.cpp">
      <Filter>Source Files\Geist</Filter>
    </ClCompile>
    <ClCompile Include="src\ShapeEditorState.cpp">
      <Filter>Source Files</Filter>
    </ClCompile>
  </ItemGroup>
  <ItemGroup>
    <None Include="..\resources\Data\engine.cfg">
      <Filter>Data</Filter>
    </None>
  </ItemGroup>
</Project>