<?xml version="1.0" encoding="utf-8"?>
<Project ToolsVersion="17.0" xmlns="http://schemas.microsoft.com/developer/msbuild/2003">
  <ItemGroup>
    <ClCompile Include="C:\repos\U7RTest\Source\Geist\BaseUnits.cpp">
      <Filter>Geist</Filter>
    </ClCompile>
    <ClCompile Include="C:\repos\U7RTest\Source\Geist\Config.cpp">
      <Filter>Geist</Filter>
    </ClCompile>
    <ClCompile Include="C:\repos\U7RTest\Source\Geist\Engine.cpp">
      <Filter>Geist</Filter>
    </ClCompile>
    <ClCompile Include="C:\repos\U7RTest\Source\Geist\Globals.cpp">
      <Filter>Geist</Filter>
    </ClCompile>
    <ClCompile Include="C:\repos\U7RTest\Source\Geist\Gui.cpp">
      <Filter>Geist</Filter>
    </ClCompile>
    <ClCompile Include="C:\repos\U7RTest\Source\Geist\GuiElements.cpp">
      <Filter>Geist</Filter>
    </ClCompile>
    <ClCompile Include="C:\repos\U7RTest\Source\Geist\GuiManager.cpp">
      <Filter>Geist</Filter>
    </ClCompile>
    <ClCompile Include="C:\repos\U7RTest\Source\Geist\IO.cpp">
      <Filter>Geist</Filter>
    </ClCompile>
    <ClCompile Include="C:\repos\U7RTest\Source\Geist\Logging.cpp">
      <Filter>Geist</Filter>
    </ClCompile>
    <ClCompile Include="C:\repos\U7RTest\Source\Geist\ParticleSystem.cpp">
      <Filter>Geist</Filter>
    </ClCompile>
    <ClCompile Include="C:\repos\U7RTest\Source\Geist\Primitives.cpp">
      <Filter>Geist</Filter>
    </ClCompile>
    <ClCompile Include="C:\repos\U7RTest\Source\Geist\RaylibModel.cpp">
      <Filter>Geist</Filter>
    </ClCompile>
    <ClCompile Include="C:\repos\U7RTest\Source\Geist\ResourceManager.cpp">
      <Filter>Geist</Filter>
    </ClCompile>
    <ClCompile Include="C:\repos\U7RTest\Source\Geist\RNG.cpp">
      <Filter>Geist</Filter>
    </ClCompile>
    <ClCompile Include="C:\repos\U7RTest\Source\Geist\ScriptingSystem.cpp">
      <Filter>Geist</Filter>
    </ClCompile>
    <ClCompile Include="C:\repos\U7RTest\Source\Geist\StateMachine.cpp">
      <Filter>Geist</Filter>
    </ClCompile>
    <ClCompile Include="C:\repos\U7RTest\Source\Geist\TooltipSystem.cpp">
      <Filter>Geist</Filter>
    </ClCompile>
    <ClCompile Include="C:\repos\U7RTest\Source\Ghost\GhostSerializer.cpp">
      <Filter>Ghost</Filter>
    </ClCompile>
    <ClCompile Include="C:\repos\U7RTest\Source\Ghost\GhostWindow.cpp">
      <Filter>Ghost</Filter>
    </ClCompile>
    <ClCompile Include="C:\repos\U7RTest\Source\AskState.cpp">
      <Filter>Source Files</Filter>
    </ClCompile>
    <ClCompile Include="C:\repos\U7RTest\Source\ConversationState.cpp">
      <Filter>Source Files</Filter>
    </ClCompile>
    <ClCompile Include="C:\repos\U7RTest\Source\GameSerializer.cpp">
      <Filter>Source Files</Filter>
    </ClCompile>
    <ClCompile Include="C:\repos\U7RTest\Source\GumpManager.cpp">
      <Filter>Source Files</Filter>
    </ClCompile>
    <ClCompile Include="C:\repos\U7RTest\Source\LoadingState.cpp">
      <Filter>Source Files</Filter>
    </ClCompile>
    <ClCompile Include="C:\repos\U7RTest\Source\Main.cpp">
      <Filter>Source Files</Filter>
    </ClCompile>
    <ClCompile Include="C:\repos\U7RTest\Source\MainState.cpp">
      <Filter>Source Files</Filter>
    </ClCompile>
    <ClCompile Include="C:\repos\U7RTest\Source\OptionsState.cpp">
      <Filter>Source Files</Filter>
    </ClCompile>
    <ClCompile Include="C:\repos\U7RTest\Source\Pathfinding.cpp">
      <Filter>Source Files</Filter>
    </ClCompile>
    <ClCompile Include="C:\repos\U7RTest\Source\ShapeData.cpp">
      <Filter>Source Files</Filter>
    </ClCompile>
    <ClCompile Include="C:\repos\U7RTest\Source\ShapeEditorState.cpp">
      <Filter>Source Files</Filter>
    </ClCompile>
    <ClCompile Include="C:\repos\U7RTest\Source\Terrain.cpp">
      <Filter>Source Files</Filter>
    </ClCompile>
    <ClCompile Include="C:\repos\U7RTest\Source\TitleState.cpp">
      <Filter>Source Files</Filter>
    </ClCompile>
    <ClCompile Include="C:\repos\U7RTest\Source\U7GumpNumberBar.cpp">
      <Filter>Source Files</Filter>
    </ClCompile>
    <ClCompile Include="C:\repos\U7RTest\Source\U7GumpBook.cpp">
      <Filter>Source Files</Filter>
    </ClCompile>
    <ClCompile Include="C:\repos\U7RTest\Source\LoadSaveState.cpp">
      <Filter>Source Files</Filter>
    </ClCompile>
    <ClCompile Include="C:\repos\U7RTest\Source\U7GumpMinimap.cpp">
      <Filter>Source Files</Filter>
    </ClCompile>
    <ClCompile Include="C:\repos\U7RTest\Source\U7GumpPaperdoll.cpp">
      <Filter>Source Files</Filter>
    </ClCompile>
    <ClCompile Include="C:\repos\U7RTest\Source\U7GumpSpellbook.cpp">
      <Filter>Source Files</Filter>
    </ClCompile>
    <ClCompile Include="C:\repos\U7RTest\Source\U7GumpStats.cpp">
      <Filter>Source Files</Filter>
    </ClCompile>
    <ClCompile Include="C:\repos\U7RTest\Source\U7Globals.cpp">
      <Filter>Source Files</Filter>
    </ClCompile>
    <ClCompile Include="C:\repos\U7RTest\Source\U7Gump.cpp">
      <Filter>Source Files</Filter>
    </ClCompile>
    <ClCompile Include="C:\repos\U7RTest\Source\U7LuaFuncs.cpp">
      <Filter>Source Files</Filter>
    </ClCompile>
    <ClCompile Include="C:\repos\U7RTest\Source\U7Object.cpp">
      <Filter>Source Files</Filter>
    </ClCompile>
    <ClCompile Include="C:\repos\U7RTest\Source\U7Player.cpp">
      <Filter>Source Files</Filter>
    </ClCompile>
    <ClCompile Include="C:\repos\U7RTest\Source\U7ScriptUtils.cpp">
      <Filter>Source Files</Filter>
    </ClCompile>
    <ClCompile Include="C:\repos\U7RTest\Source\ScriptRenameState.cpp">
      <Filter>Source Files</Filter>
    </ClCompile>
  </ItemGroup>
  <ItemGroup>
    <CustomBuild Include="C:\repos\U7RTest\CMakeLists.txt" />
  </ItemGroup>
  <ItemGroup>
    <ResourceCompile Include="C:\repos\U7RTest\Source\u7revisited.rc" />
  </ItemGroup>
  <ItemGroup>
    <Filter Include="Geist">
      <UniqueIdentifier>{F1318034-2B5C-3D60-B0AE-46EF578D5CB0}</UniqueIdentifier>
    </Filter>
    <Filter Include="Ghost">
      <UniqueIdentifier>{93CA4D2C-E707-3767-9BFC-F294CB684D10}</UniqueIdentifier>
    </Filter>
    <Filter Include="Source Files">
      <UniqueIdentifier>{F6326E43-EBB3-3D8A-842C-27D239078E0F}</UniqueIdentifier>
    </Filter>
  </ItemGroup>
</Project>
