
Microsoft Visual Studio Solution File, Format Version 12.00
# Visual Studio Version 17
VisualStudioVersion = 17.3.32825.248
MinimumVisualStudioVersion = 10.0.40219.1
Project("{8BC9CEB8-8B4A-11D0-8D11-00A0C91BC942}") = "U7Revisited", "U7Revisited.vcxproj", "{C659928C-52E7-445E-88F4-F51BDDD632A1}"
	ProjectSection(ProjectDependencies) = postProject
		{BC92E65D-713E-46C6-A605-135AF3163274} = {BC92E65D-713E-46C6-A605-135AF3163274}
	EndProjectSection
EndProject
Project("{8BC9CEB8-8B4A-11D0-8D11-00A0C91BC942}") = "Geist", "..\Geist\Geist.vcxproj", "{BC92E65D-713E-46C6-A605-135AF3163274}"
EndProject
Global
	GlobalSection(SolutionConfigurationPlatforms) = preSolution
		Debug|x64 = Debug|x64
		Release|x64 = Release|x64
	EndGlobalSection
	GlobalSection(ProjectConfigurationPlatforms) = postSolution
		{C659928C-52E7-445E-88F4-F51BDDD632A1}.Debug|x64.ActiveCfg = Debug|x64
		{C659928C-52E7-445E-88F4-F51BDDD632A1}.Debug|x64.Build.0 = Debug|x64
		{C659928C-52E7-445E-88F4-F51BDDD632A1}.Release|x64.ActiveCfg = Release|x64
		{C659928C-52E7-445E-88F4-F51BDDD632A1}.Release|x64.Build.0 = Release|x64
		{BC92E65D-713E-46C6-A605-135AF3163274}.Debug|x64.ActiveCfg = Debug|x64
		{BC92E65D-713E-46C6-A605-135AF3163274}.Debug|x64.Build.0 = Debug|x64
		{BC92E65D-713E-46C6-A605-135AF3163274}.Release|x64.ActiveCfg = Release|x64
		{BC92E65D-713E-46C6-A605-135AF3163274}.Release|x64.Build.0 = Release|x64
	EndGlobalSection
	GlobalSection(SolutionProperties) = preSolution
		HideSolutionNode = FALSE
	EndGlobalSection
	GlobalSection(ExtensibilityGlobals) = postSolution
		SolutionGuid = {6C496138-9427-46AA-B399-264177F1796C}
	EndGlobalSection
EndGlobal
